
Microsoft Visual Studio Solution File, Format Version 12.00
# Visual Studio Version 17
VisualStudioVersion = 17.9.34902.65
MinimumVisualStudioVersion = 10.0.40219.1
Project("{FAE04EC0-301F-11D3-BF4B-00C04F79EFBC}") = "HotelsBookings.Server", "HotelsBookings.Server\HotelsBookings.Server.csproj", "{DFC60BF6-D2FB-4351-8907-82CA87D659C4}"
EndProject
Project("{54A90642-561A-4BB1-A94E-469ADEE60C69}") = "hotelsbookings.client", "hotelsbookings.client\hotelsbookings.client.esproj", "{1053EF51-9E52-432C-80FE-DC62C18A238E}"
EndProject
Global
	GlobalSection(SolutionConfigurationPlatforms) = preSolution
		Debug|Any CPU = Debug|Any CPU
		Release|Any CPU = Release|Any CPU
	EndGlobalSection
	GlobalSection(ProjectConfigurationPlatforms) = postSolution
		{DFC60BF6-D2FB-4351-8907-82CA87D659C4}.Debug|Any CPU.ActiveCfg = Debug|Any CPU
		{DFC60BF6-D2FB-4351-8907-82CA87D659C4}.Debug|Any CPU.Build.0 = Debug|Any CPU
		{DFC60BF6-D2FB-4351-8907-82CA87D659C4}.Release|Any CPU.ActiveCfg = Release|Any CPU
		{DFC60BF6-D2FB-4351-8907-82CA87D659C4}.Release|Any CPU.Build.0 = Release|Any CPU
		{1053EF51-9E52-432C-80FE-DC62C18A238E}.Debug|Any CPU.ActiveCfg = Debug|Any CPU
		{1053EF51-9E52-432C-80FE-DC62C18A238E}.Debug|Any CPU.Build.0 = Debug|Any CPU
		{1053EF51-9E52-432C-80FE-DC62C18A238E}.Debug|Any CPU.Deploy.0 = Debug|Any CPU
		{1053EF51-9E52-432C-80FE-DC62C18A238E}.Release|Any CPU.ActiveCfg = Release|Any CPU
		{1053EF51-9E52-432C-80FE-DC62C18A238E}.Release|Any CPU.Build.0 = Release|Any CPU
		{1053EF51-9E52-432C-80FE-DC62C18A238E}.Release|Any CPU.Deploy.0 = Release|Any CPU
	EndGlobalSection
	GlobalSection(SolutionProperties) = preSolution
		HideSolutionNode = FALSE
	EndGlobalSection
	GlobalSection(ExtensibilityGlobals) = postSolution
		SolutionGuid = {455CF79E-9F15-452F-A47B-067B5CF801AE}
	EndGlobalSection
EndGlobal
